# THIS IS AN AUTOGENERATED FILE. DO NOT EDIT THIS FILE DIRECTLY.
# yarn lockfile v1


"@babel/code-frame@^7.16.7", "@babel/code-frame@^7.18.6":
  version "7.18.6"
  resolved "https://registry.npmjs.org/@babel/code-frame/-/code-frame-7.18.6.tgz"
  integrity sha512-TDCmlK5eOvH+eH7cdAFlNXeVJqWIQ7gW9tY1GJIpUtFb6CmjVyq2VM3u71bOyR8CRihcCgMUYoDNyLXao3+70Q==
  dependencies:
    "@babel/highlight" "^7.18.6"

"@babel/generator@7.17.7", "@babel/generator@^7.17.3":
  version "7.17.7"
  resolved "https://registry.npmjs.org/@babel/generator/-/generator-7.17.7.tgz"
  integrity sha512-oLcVCTeIFadUoArDTwpluncplrYBmTCCZZgXCbgNGvOBBiSDDK3eWO4b/+eOTli5tKv1lg+a5/NAXg+nTcei1w==
  dependencies:
    "@babel/types" "^7.17.0"
    jsesc "^2.5.1"
    source-map "^0.5.0"

"@babel/helper-environment-visitor@^7.16.7":
  version "7.18.9"
  resolved "https://registry.npmjs.org/@babel/helper-environment-visitor/-/helper-environment-visitor-7.18.9.tgz"
  integrity sha512-3r/aACDJ3fhQ/EVgFy0hpj8oHyHpQc+LPtJoY9SzTThAsStm4Ptegq92vqKoE3vD706ZVFWITnMnxucw+S9Ipg==

"@babel/helper-function-name@^7.16.7":
  version "7.21.0"
  resolved "https://registry.npmjs.org/@babel/helper-function-name/-/helper-function-name-7.21.0.tgz"
  integrity sha512-HfK1aMRanKHpxemaY2gqBmL04iAPOPRj7DxtNbiDOrJK+gdwkiNRVpCpUJYbUT+aZyemKN8brqTOxzCaG6ExRg==
  dependencies:
    "@babel/template" "^7.20.7"
    "@babel/types" "^7.21.0"

"@babel/helper-hoist-variables@^7.16.7":
  version "7.18.6"
  resolved "https://registry.npmjs.org/@babel/helper-hoist-variables/-/helper-hoist-variables-7.18.6.tgz"
  integrity sha512-UlJQPkFqFULIcyW5sbzgbkxn2FKRgwWiRexcuaR8RNJRy8+LLveqPjwZV/bwrLZCN0eUHD/x8D0heK1ozuoo6Q==
  dependencies:
    "@babel/types" "^7.18.6"

"@babel/helper-split-export-declaration@^7.16.7":
  version "7.18.6"
  resolved "https://registry.npmjs.org/@babel/helper-split-export-declaration/-/helper-split-export-declaration-7.18.6.tgz"
  integrity sha512-bde1etTx6ZyTmobl9LLMMQsaizFVZrquTEHOqKeQESMKo4PlObf+8+JA25ZsIpZhT/WEd39+vOdLXAFG/nELpA==
  dependencies:
    "@babel/types" "^7.18.6"

"@babel/helper-string-parser@^7.19.4":
  version "7.19.4"
  resolved "https://registry.npmjs.org/@babel/helper-string-parser/-/helper-string-parser-7.19.4.tgz"
  integrity sha512-nHtDoQcuqFmwYNYPz3Rah5ph2p8PFeFCsZk9A/48dPc/rGocJ5J3hAAZ7pb76VWX3fZKu+uEr/FhH5jLx7umrw==

"@babel/helper-validator-identifier@^7.16.7", "@babel/helper-validator-identifier@^7.18.6", "@babel/helper-validator-identifier@^7.19.1":
  version "7.19.1"
  resolved "https://registry.npmjs.org/@babel/helper-validator-identifier/-/helper-validator-identifier-7.19.1.tgz"
  integrity sha512-awrNfaMtnHUr653GgGEs++LlAvW6w+DcPrOliSMXWCKo597CwL5Acf/wWdNkf/tfEQE3mjkeD1YOVZOUV/od1w==

"@babel/highlight@^7.18.6":
  version "7.18.6"
  resolved "https://registry.npmjs.org/@babel/highlight/-/highlight-7.18.6.tgz"
  integrity sha512-u7stbOuYjaPezCuLj29hNW1v64M2Md2qupEKP1fHc7WdOA3DgLh37suiSrZYY7haUB7iBeQZ9P1uiRF359do3g==
  dependencies:
    "@babel/helper-validator-identifier" "^7.18.6"
    chalk "^2.0.0"
    js-tokens "^4.0.0"

"@babel/parser@^7.17.3", "@babel/parser@^7.20.5", "@babel/parser@^7.20.7":
  version "7.21.2"
  resolved "https://registry.npmjs.org/@babel/parser/-/parser-7.21.2.tgz"
  integrity sha512-URpaIJQwEkEC2T9Kn+Ai6Xe/02iNaVCuT/PtoRz3GPVJVDpPd7mLo+VddTbhCRU9TXqW5mSrQfXZyi8kDKOVpQ==

"@babel/runtime@^7.13.10", "@babel/runtime@^7.20.7":
  version "7.21.0"
  resolved "https://registry.npmjs.org/@babel/runtime/-/runtime-7.21.0.tgz"
  integrity sha512-xwII0//EObnq89Ji5AKYQaRYiW/nZ3llSv29d49IuxPhKbtJoLP+9QUUZ4nVragQVtaVGeZrpB+ZtG/Pdy/POw==
  dependencies:
    regenerator-runtime "^0.13.11"

"@babel/template@^7.20.7":
  version "7.20.7"
  resolved "https://registry.npmjs.org/@babel/template/-/template-7.20.7.tgz"
  integrity sha512-8SegXApWe6VoNw0r9JHpSteLKTpTiLZ4rMlGIm9JQ18KiCtyQiAMEazujAHrUS5flrcqYZa75ukev3P6QmUwUw==
  dependencies:
    "@babel/code-frame" "^7.18.6"
    "@babel/parser" "^7.20.7"
    "@babel/types" "^7.20.7"

"@babel/traverse@7.17.3":
  version "7.17.3"
  resolved "https://registry.npmjs.org/@babel/traverse/-/traverse-7.17.3.tgz"
  integrity sha512-5irClVky7TxRWIRtxlh2WPUUOLhcPN06AGgaQSB8AEwuyEBgJVuJ5imdHm5zxk8w0QS5T+tDfnDxAlhWjpb7cw==
  dependencies:
    "@babel/code-frame" "^7.16.7"
    "@babel/generator" "^7.17.3"
    "@babel/helper-environment-visitor" "^7.16.7"
    "@babel/helper-function-name" "^7.16.7"
    "@babel/helper-hoist-variables" "^7.16.7"
    "@babel/helper-split-export-declaration" "^7.16.7"
    "@babel/parser" "^7.17.3"
    "@babel/types" "^7.17.0"
    debug "^4.1.0"
    globals "^11.1.0"

"@babel/types@7.17.0", "@babel/types@^7.17.0":
  version "7.17.0"
  resolved "https://registry.npmjs.org/@babel/types/-/types-7.17.0.tgz"
  integrity sha512-TmKSNO4D5rzhL5bjWFcVHHLETzfQ/AmbKpKPOSjlP0WoHZ6L911fgoOKY4Alp/emzG4cHJdyN49zpgkbXFEHHw==
  dependencies:
    "@babel/helper-validator-identifier" "^7.16.7"
    to-fast-properties "^2.0.0"

"@babel/type